
Microsoft Visual Studio Solution File, Format Version 12.00
# Visual Studio 15
VisualStudioVersion = 15.0.28010.2016
MinimumVisualStudioVersion = 10.0.40219.1
Project("{FAE04EC0-301F-11D3-BF4B-00C04F79EFBC}") = "InversalTranslatorTemp", "InversalTranslatorTemp\InversalTranslatorTemp.csproj", "{6FBA4B3C-18BB-4267-B587-ADFBC63F1FAE}"
EndProject
Project("{FAE04EC0-301F-11D3-BF4B-00C04F79EFBC}") = "Test", "Test\Test.csproj", "{8BE09430-A50F-4A6E-A06B-4A437DA6CCE2}"
EndProject
Global
	GlobalSection(SolutionConfigurationPlatforms) = preSolution
		Debug|Any CPU = Debug|Any CPU
		Release|Any CPU = Release|Any CPU
	EndGlobalSection
	GlobalSection(ProjectConfigurationPlatforms) = postSolution
		{6FBA4B3C-18BB-4267-B587-ADFBC63F1FAE}.Debug|Any CPU.ActiveCfg = Debug|Any CPU
		{6FBA4B3C-18BB-4267-B587-ADFBC63F1FAE}.Debug|Any CPU.Build.0 = Debug|Any CPU
		{6FBA4B3C-18BB-4267-B587-ADFBC63F1FAE}.Release|Any CPU.ActiveCfg = Release|Any CPU
		{6FBA4B3C-18BB-4267-B587-ADFBC63F1FAE}.Release|Any CPU.Build.0 = Release|Any CPU
		{8BE09430-A50F-4A6E-A06B-4A437DA6CCE2}.Debug|Any CPU.ActiveCfg = Debug|Any CPU
		{8BE09430-A50F-4A6E-A06B-4A437DA6CCE2}.Debug|Any CPU.Build.0 = Debug|Any CPU
		{8BE09430-A50F-4A6E-A06B-4A437DA6CCE2}.Release|Any CPU.ActiveCfg = Release|Any CPU
		{8BE09430-A50F-4A6E-A06B-4A437DA6CCE2}.Release|Any CPU.Build.0 = Release|Any CPU
	EndGlobalSection
	GlobalSection(SolutionProperties) = preSolution
		HideSolutionNode = FALSE
	EndGlobalSection
	GlobalSection(ExtensibilityGlobals) = postSolution
		SolutionGuid = {A5DB9C79-1CD5-4FEB-9740-ACA0AD11C28A}
	EndGlobalSection
EndGlobal
